
Microsoft Visual Studio Solution File, Format Version 12.00
# Visual Studio 15
VisualStudioVersion = 15.0.26228.9
MinimumVisualStudioVersion = 10.0.40219.1
Project("{2150E333-8FDC-42A3-9474-1A3956D46DE8}") = "src", "src", "{AFAA0841-BD93-466F-B8F4-FB4EEC86F1FC}"
EndProject
Project("{2150E333-8FDC-42A3-9474-1A3956D46DE8}") = "test", "test", "{F10AA149-2626-486E-85BB-9CD5365F3016}"
EndProject
Project("{9A19103F-16F7-4668-BE54-9A1E7A4F7556}") = "Shundao.Core", "src\Shundao.Core\Shundao.Core.csproj", "{0FA75A5B-AB83-4FD0-B545-279774C01E87}"
EndProject
Project("{9A19103F-16F7-4668-BE54-9A1E7A4F7556}") = "Shundao.Application", "src\Shundao.Application\Shundao.Application.csproj", "{3870C648-4AEA-4B85-BA3F-F2F63B96136A}"
EndProject
Project("{9A19103F-16F7-4668-BE54-9A1E7A4F7556}") = "Shundao.Tests", "test\Shundao.Tests\Shundao.Tests.csproj", "{0D4C5D00-C144-4213-A007-4B8944113AB1}"
EndProject
Project("{9A19103F-16F7-4668-BE54-9A1E7A4F7556}") = "Shundao.Migrator", "src\Shundao.Migrator\Shundao.Migrator.csproj", "{880B3591-E057-46FE-B525-10BD83828B93}"
EndProject
Project("{9A19103F-16F7-4668-BE54-9A1E7A4F7556}") = "Shundao.Web.Host", "src\Shundao.Web.Host\Shundao.Web.Host.csproj", "{38E184BD-E874-4633-A947-AED4FDB73F40}"
EndProject
Project("{9A19103F-16F7-4668-BE54-9A1E7A4F7556}") = "Shundao.Web.Core", "src\Shundao.Web.Core\Shundao.Web.Core.csproj", "{22CFE0D2-8DCA-42D7-AD7D-784C3862493F}"
EndProject
Project("{9A19103F-16F7-4668-BE54-9A1E7A4F7556}") = "Shundao.EntityFrameworkCore", "src\Shundao.EntityFrameworkCore\Shundao.EntityFrameworkCore.csproj", "{E0580562-F8F2-4EBB-B07A-ABFC6F2C314F}"
EndProject
Project("{2150E333-8FDC-42A3-9474-1A3956D46DE8}") = "PlugIn", "PlugIn", "{991DCD7C-190A-4BC9-9428-F3A2506448C0}"
EndProject
Project("{9A19103F-16F7-4668-BE54-9A1E7A4F7556}") = "WxOpenApi", "WxOpenApi\WxOpenApi.csproj", "{87022BA0-1B39-4ACB-B44F-AB17A4B9E966}"
EndProject
Project("{9A19103F-16F7-4668-BE54-9A1E7A4F7556}") = "InitPlugIn", "InitPlugIn\InitPlugIn.csproj", "{E0D839DA-3158-46F1-BB2A-712DA64CAE37}"
EndProject
Project("{9A19103F-16F7-4668-BE54-9A1E7A4F7556}") = "BaiduMap", "BaiduMap\BaiduMap.csproj", "{89FBFD2D-256B-46F7-A25D-85A64AC08DC1}"
EndProject
Project("{9A19103F-16F7-4668-BE54-9A1E7A4F7556}") = "AbpTree", "Abp.Tree\AbpTree.csproj", "{5C926DD7-E1AF-494D-865E-C3ACF8A5495B}"
EndProject
Project("{2150E333-8FDC-42A3-9474-1A3956D46DE8}") = "Core", "Core", "{567DA5C3-E2A3-4474-A75C-333FA1CCE858}"
EndProject
Global
	GlobalSection(SolutionConfigurationPlatforms) = preSolution
		Debug|Any CPU = Debug|Any CPU
		Release|Any CPU = Release|Any CPU
	EndGlobalSection
	GlobalSection(ProjectConfigurationPlatforms) = postSolution
		{0FA75A5B-AB83-4FD0-B545-279774C01E87}.Debug|Any CPU.ActiveCfg = Debug|Any CPU
		{0FA75A5B-AB83-4FD0-B545-279774C01E87}.Debug|Any CPU.Build.0 = Debug|Any CPU
		{0FA75A5B-AB83-4FD0-B545-279774C01E87}.Release|Any CPU.ActiveCfg = Release|Any CPU
		{0FA75A5B-AB83-4FD0-B545-279774C01E87}.Release|Any CPU.Build.0 = Release|Any CPU
		{3870C648-4AEA-4B85-BA3F-F2F63B96136A}.Debug|Any CPU.ActiveCfg = Debug|Any CPU
		{3870C648-4AEA-4B85-BA3F-F2F63B96136A}.Debug|Any CPU.Build.0 = Debug|Any CPU
		{3870C648-4AEA-4B85-BA3F-F2F63B96136A}.Release|Any CPU.ActiveCfg = Release|Any CPU
		{3870C648-4AEA-4B85-BA3F-F2F63B96136A}.Release|Any CPU.Build.0 = Release|Any CPU
		{0D4C5D00-C144-4213-A007-4B8944113AB1}.Debug|Any CPU.ActiveCfg = Debug|Any CPU
		{0D4C5D00-C144-4213-A007-4B8944113AB1}.Debug|Any CPU.Build.0 = Debug|Any CPU
		{0D4C5D00-C144-4213-A007-4B8944113AB1}.Release|Any CPU.ActiveCfg = Release|Any CPU
		{0D4C5D00-C144-4213-A007-4B8944113AB1}.Release|Any CPU.Build.0 = Release|Any CPU
		{880B3591-E057-46FE-B525-10BD83828B93}.Debug|Any CPU.ActiveCfg = Debug|Any CPU
		{880B3591-E057-46FE-B525-10BD83828B93}.Debug|Any CPU.Build.0 = Debug|Any CPU
		{880B3591-E057-46FE-B525-10BD83828B93}.Release|Any CPU.ActiveCfg = Release|Any CPU
		{880B3591-E057-46FE-B525-10BD83828B93}.Release|Any CPU.Build.0 = Release|Any CPU
		{38E184BD-E874-4633-A947-AED4FDB73F40}.Debug|Any CPU.ActiveCfg = Debug|Any CPU
		{38E184BD-E874-4633-A947-AED4FDB73F40}.Debug|Any CPU.Build.0 = Debug|Any CPU
		{38E184BD-E874-4633-A947-AED4FDB73F40}.Release|Any CPU.ActiveCfg = Release|Any CPU
		{38E184BD-E874-4633-A947-AED4FDB73F40}.Release|Any CPU.Build.0 = Release|Any CPU
		{22CFE0D2-8DCA-42D7-AD7D-784C3862493F}.Debug|Any CPU.ActiveCfg = Debug|Any CPU
		{22CFE0D2-8DCA-42D7-AD7D-784C3862493F}.Debug|Any CPU.Build.0 = Debug|Any CPU
		{22CFE0D2-8DCA-42D7-AD7D-784C3862493F}.Release|Any CPU.ActiveCfg = Release|Any CPU
		{22CFE0D2-8DCA-42D7-AD7D-784C3862493F}.Release|Any CPU.Build.0 = Release|Any CPU
		{E0580562-F8F2-4EBB-B07A-ABFC6F2C314F}.Debug|Any CPU.ActiveCfg = Debug|Any CPU
		{E0580562-F8F2-4EBB-B07A-ABFC6F2C314F}.Debug|Any CPU.Build.0 = Debug|Any CPU
		{E0580562-F8F2-4EBB-B07A-ABFC6F2C314F}.Release|Any CPU.ActiveCfg = Release|Any CPU
		{E0580562-F8F2-4EBB-B07A-ABFC6F2C314F}.Release|Any CPU.Build.0 = Release|Any CPU
		{87022BA0-1B39-4ACB-B44F-AB17A4B9E966}.Debug|Any CPU.ActiveCfg = Debug|Any CPU
		{87022BA0-1B39-4ACB-B44F-AB17A4B9E966}.Debug|Any CPU.Build.0 = Debug|Any CPU
		{87022BA0-1B39-4ACB-B44F-AB17A4B9E966}.Release|Any CPU.ActiveCfg = Release|Any CPU
		{87022BA0-1B39-4ACB-B44F-AB17A4B9E966}.Release|Any CPU.Build.0 = Release|Any CPU
		{E0D839DA-3158-46F1-BB2A-712DA64CAE37}.Debug|Any CPU.ActiveCfg = Debug|Any CPU
		{E0D839DA-3158-46F1-BB2A-712DA64CAE37}.Debug|Any CPU.Build.0 = Debug|Any CPU
		{E0D839DA-3158-46F1-BB2A-712DA64CAE37}.Release|Any CPU.ActiveCfg = Release|Any CPU
		{E0D839DA-3158-46F1-BB2A-712DA64CAE37}.Release|Any CPU.Build.0 = Release|Any CPU
		{89FBFD2D-256B-46F7-A25D-85A64AC08DC1}.Debug|Any CPU.ActiveCfg = Debug|Any CPU
		{89FBFD2D-256B-46F7-A25D-85A64AC08DC1}.Debug|Any CPU.Build.0 = Debug|Any CPU
		{89FBFD2D-256B-46F7-A25D-85A64AC08DC1}.Release|Any CPU.ActiveCfg = Release|Any CPU
		{89FBFD2D-256B-46F7-A25D-85A64AC08DC1}.Release|Any CPU.Build.0 = Release|Any CPU
		{5C926DD7-E1AF-494D-865E-C3ACF8A5495B}.Debug|Any CPU.ActiveCfg = Debug|Any CPU
		{5C926DD7-E1AF-494D-865E-C3ACF8A5495B}.Debug|Any CPU.Build.0 = Debug|Any CPU
		{5C926DD7-E1AF-494D-865E-C3ACF8A5495B}.Release|Any CPU.ActiveCfg = Release|Any CPU
		{5C926DD7-E1AF-494D-865E-C3ACF8A5495B}.Release|Any CPU.Build.0 = Release|Any CPU
	EndGlobalSection
	GlobalSection(SolutionProperties) = preSolution
		HideSolutionNode = FALSE
	EndGlobalSection
	GlobalSection(NestedProjects) = preSolution
		{0FA75A5B-AB83-4FD0-B545-279774C01E87} = {567DA5C3-E2A3-4474-A75C-333FA1CCE858}
		{3870C648-4AEA-4B85-BA3F-F2F63B96136A} = {567DA5C3-E2A3-4474-A75C-333FA1CCE858}
		{0D4C5D00-C144-4213-A007-4B8944113AB1} = {F10AA149-2626-486E-85BB-9CD5365F3016}
		{880B3591-E057-46FE-B525-10BD83828B93} = {567DA5C3-E2A3-4474-A75C-333FA1CCE858}
		{38E184BD-E874-4633-A947-AED4FDB73F40} = {AFAA0841-BD93-466F-B8F4-FB4EEC86F1FC}
		{22CFE0D2-8DCA-42D7-AD7D-784C3862493F} = {567DA5C3-E2A3-4474-A75C-333FA1CCE858}
		{E0580562-F8F2-4EBB-B07A-ABFC6F2C314F} = {567DA5C3-E2A3-4474-A75C-333FA1CCE858}
		{991DCD7C-190A-4BC9-9428-F3A2506448C0} = {AFAA0841-BD93-466F-B8F4-FB4EEC86F1FC}
		{87022BA0-1B39-4ACB-B44F-AB17A4B9E966} = {991DCD7C-190A-4BC9-9428-F3A2506448C0}
		{E0D839DA-3158-46F1-BB2A-712DA64CAE37} = {991DCD7C-190A-4BC9-9428-F3A2506448C0}
		{89FBFD2D-256B-46F7-A25D-85A64AC08DC1} = {991DCD7C-190A-4BC9-9428-F3A2506448C0}
		{5C926DD7-E1AF-494D-865E-C3ACF8A5495B} = {991DCD7C-190A-4BC9-9428-F3A2506448C0}
		{567DA5C3-E2A3-4474-A75C-333FA1CCE858} = {AFAA0841-BD93-466F-B8F4-FB4EEC86F1FC}
	EndGlobalSection
	GlobalSection(ExtensibilityGlobals) = postSolution
		SolutionGuid = {6C1714CC-B732-4034-B48B-574CD395750F}
	EndGlobalSection
EndGlobal
